
Microsoft Visual Studio Solution File, Format Version 12.00
# Visual Studio Version 16
VisualStudioVersion = 16.0.30413.136
MinimumVisualStudioVersion = 10.0.40219.1
Project("{FAE04EC0-301F-11D3-BF4B-00C04F79EFBC}") = "CheckDataLibrary", "CheckDataLibrary\CheckDataLibrary.csproj", "{8CC53525-6DE4-4C58-91C1-8C8168693A44}"
EndProject
Project("{FAE04EC0-301F-11D3-BF4B-00C04F79EFBC}") = "ValidStringData", "ValidStringData\ValidStringData.csproj", "{0A99B9C2-DD5A-448F-8757-51BCBC4F4D61}"
EndProject
Global
	GlobalSection(SolutionConfigurationPlatforms) = preSolution
		Debug|Any CPU = Debug|Any CPU
		Release|Any CPU = Release|Any CPU
	EndGlobalSection
	GlobalSection(ProjectConfigurationPlatforms) = postSolution
		{8CC53525-6DE4-4C58-91C1-8C8168693A44}.Debug|Any CPU.ActiveCfg = Debug|Any CPU
		{8CC53525-6DE4-4C58-91C1-8C8168693A44}.Debug|Any CPU.Build.0 = Debug|Any CPU
		{8CC53525-6DE4-4C58-91C1-8C8168693A44}.Release|Any CPU.ActiveCfg = Release|Any CPU
		{8CC53525-6DE4-4C58-91C1-8C8168693A44}.Release|Any CPU.Build.0 = Release|Any CPU
		{0A99B9C2-DD5A-448F-8757-51BCBC4F4D61}.Debug|Any CPU.ActiveCfg = Debug|Any CPU
		{0A99B9C2-DD5A-448F-8757-51BCBC4F4D61}.Debug|Any CPU.Build.0 = Debug|Any CPU
		{0A99B9C2-DD5A-448F-8757-51BCBC4F4D61}.Release|Any CPU.ActiveCfg = Release|Any CPU
		{0A99B9C2-DD5A-448F-8757-51BCBC4F4D61}.Release|Any CPU.Build.0 = Release|Any CPU
	EndGlobalSection
	GlobalSection(SolutionProperties) = preSolution
		HideSolutionNode = FALSE
	EndGlobalSection
	GlobalSection(ExtensibilityGlobals) = postSolution
		SolutionGuid = {C4682D80-C825-4DFB-8536-75A0AABEC666}
	EndGlobalSection
EndGlobal
